
Microsoft Visual Studio Solution File, Format Version 12.00
# Visual Studio Version 17
VisualStudioVersion = 17.10.35027.167
MinimumVisualStudioVersion = 10.0.40219.1
Project("{9A19103F-16F7-4668-BE54-9A1E7A4F7556}") = "BlazorWASApp", "BlazorWASApp\BlazorWASApp.csproj", "{8E071521-DF6F-4B07-8736-4FC382556430}"
EndProject
Project("{FAE04EC0-301F-11D3-BF4B-00C04F79EFBC}") = "BlazorWebApi", "BlazorWebApi\BlazorWebApi.csproj", "{354A7129-1B16-4E1C-81C8-B9154596C9B6}"
EndProject
Project("{FAE04EC0-301F-11D3-BF4B-00C04F79EFBC}") = "BlazorClassLibrary.shared", "BlazorClassLibrary.shared\BlazorClassLibrary.shared.csproj", "{138A5A0D-6D9C-4AAB-8EA4-040C57B1295B}"
EndProject
Project("{FAE04EC0-301F-11D3-BF4B-00C04F79EFBC}") = "CoreSimpleCrud", "CoreSimpleCrud\CoreSimpleCrud.csproj", "{890AAA65-3AD9-4411-83F6-01D3227EA9CA}"
EndProject
Global
	GlobalSection(SolutionConfigurationPlatforms) = preSolution
		Debug|Any CPU = Debug|Any CPU
		Release|Any CPU = Release|Any CPU
	EndGlobalSection
	GlobalSection(ProjectConfigurationPlatforms) = postSolution
		{8E071521-DF6F-4B07-8736-4FC382556430}.Debug|Any CPU.ActiveCfg = Debug|Any CPU
		{8E071521-DF6F-4B07-8736-4FC382556430}.Debug|Any CPU.Build.0 = Debug|Any CPU
		{8E071521-DF6F-4B07-8736-4FC382556430}.Release|Any CPU.ActiveCfg = Release|Any CPU
		{8E071521-DF6F-4B07-8736-4FC382556430}.Release|Any CPU.Build.0 = Release|Any CPU
		{354A7129-1B16-4E1C-81C8-B9154596C9B6}.Debug|Any CPU.ActiveCfg = Debug|Any CPU
		{354A7129-1B16-4E1C-81C8-B9154596C9B6}.Debug|Any CPU.Build.0 = Debug|Any CPU
		{354A7129-1B16-4E1C-81C8-B9154596C9B6}.Release|Any CPU.ActiveCfg = Release|Any CPU
		{354A7129-1B16-4E1C-81C8-B9154596C9B6}.Release|Any CPU.Build.0 = Release|Any CPU
		{138A5A0D-6D9C-4AAB-8EA4-040C57B1295B}.Debug|Any CPU.ActiveCfg = Debug|Any CPU
		{138A5A0D-6D9C-4AAB-8EA4-040C57B1295B}.Debug|Any CPU.Build.0 = Debug|Any CPU
		{138A5A0D-6D9C-4AAB-8EA4-040C57B1295B}.Release|Any CPU.ActiveCfg = Release|Any CPU
		{138A5A0D-6D9C-4AAB-8EA4-040C57B1295B}.Release|Any CPU.Build.0 = Release|Any CPU
		{890AAA65-3AD9-4411-83F6-01D3227EA9CA}.Debug|Any CPU.ActiveCfg = Debug|Any CPU
		{890AAA65-3AD9-4411-83F6-01D3227EA9CA}.Debug|Any CPU.Build.0 = Debug|Any CPU
		{890AAA65-3AD9-4411-83F6-01D3227EA9CA}.Release|Any CPU.ActiveCfg = Release|Any CPU
		{890AAA65-3AD9-4411-83F6-01D3227EA9CA}.Release|Any CPU.Build.0 = Release|Any CPU
	EndGlobalSection
	GlobalSection(SolutionProperties) = preSolution
		HideSolutionNode = FALSE
	EndGlobalSection
	GlobalSection(ExtensibilityGlobals) = postSolution
		SolutionGuid = {F2FA0D7A-BD4C-458D-8498-B2FC2D57C755}
	EndGlobalSection
EndGlobal
